
Microsoft Visual Studio Solution File, Format Version 12.00
# Visual Studio Version 16
VisualStudioVersion = 16.0.32126.315
MinimumVisualStudioVersion = 10.0.40219.1
Project("{FAE04EC0-301F-11D3-BF4B-00C04F79EFBC}") = "ForRealMen", "ForRealMen\ForRealMen.csproj", "{74912909-E7C3-49C6-A610-60B5933177D3}"
EndProject
Project("{FAE04EC0-301F-11D3-BF4B-00C04F79EFBC}") = "DataAccess", "DataAccess\DataAccess.csproj", "{7CE9B83F-06B1-4961-86A4-E025E900FCDA}"
EndProject
Global
	GlobalSection(SolutionConfigurationPlatforms) = preSolution
		Debug|Any CPU = Debug|Any CPU
		Release|Any CPU = Release|Any CPU
	EndGlobalSection
	GlobalSection(ProjectConfigurationPlatforms) = postSolution
		{74912909-E7C3-49C6-A610-60B5933177D3}.Debug|Any CPU.ActiveCfg = Debug|Any CPU
		{74912909-E7C3-49C6-A610-60B5933177D3}.Debug|Any CPU.Build.0 = Debug|Any CPU
		{74912909-E7C3-49C6-A610-60B5933177D3}.Release|Any CPU.ActiveCfg = Release|Any CPU
		{74912909-E7C3-49C6-A610-60B5933177D3}.Release|Any CPU.Build.0 = Release|Any CPU
		{7CE9B83F-06B1-4961-86A4-E025E900FCDA}.Debug|Any CPU.ActiveCfg = Debug|Any CPU
		{7CE9B83F-06B1-4961-86A4-E025E900FCDA}.Debug|Any CPU.Build.0 = Debug|Any CPU
		{7CE9B83F-06B1-4961-86A4-E025E900FCDA}.Release|Any CPU.ActiveCfg = Release|Any CPU
		{7CE9B83F-06B1-4961-86A4-E025E900FCDA}.Release|Any CPU.Build.0 = Release|Any CPU
	EndGlobalSection
	GlobalSection(SolutionProperties) = preSolution
		HideSolutionNode = FALSE
	EndGlobalSection
	GlobalSection(ExtensibilityGlobals) = postSolution
		SolutionGuid = {646DDB88-D78A-44B5-9672-2793894A0EFC}
	EndGlobalSection
EndGlobal
